
Microsoft Visual Studio Solution File, Format Version 12.00
# Visual Studio Version 17
VisualStudioVersion = 17.3.32929.385
MinimumVisualStudioVersion = 10.0.40219.1
Project("{9A19103F-16F7-4668-BE54-9A1E7A4F7556}") = "PlaywrightDemo", "PlaywrightDemo.csproj", "{DD61E84D-F1FC-4455-9F5C-A987F088B8FE}"
EndProject
Global
	GlobalSection(SolutionConfigurationPlatforms) = preSolution
		Debug|Any CPU = Debug|Any CPU
		Release|Any CPU = Release|Any CPU
	EndGlobalSection
	GlobalSection(ProjectConfigurationPlatforms) = postSolution
		{DD61E84D-F1FC-4455-9F5C-A987F088B8FE}.Debug|Any CPU.ActiveCfg = Debug|Any CPU
		{DD61E84D-F1FC-4455-9F5C-A987F088B8FE}.Debug|Any CPU.Build.0 = Debug|Any CPU
		{DD61E84D-F1FC-4455-9F5C-A987F088B8FE}.Release|Any CPU.ActiveCfg = Release|Any CPU
		{DD61E84D-F1FC-4455-9F5C-A987F088B8FE}.Release|Any CPU.Build.0 = Release|Any CPU
	EndGlobalSection
	GlobalSection(SolutionProperties) = preSolution
		HideSolutionNode = FALSE
	EndGlobalSection
	GlobalSection(ExtensibilityGlobals) = postSolution
		SolutionGuid = {EED21AA3-DC08-455F-9017-26FB4C66A1FF}
	EndGlobalSection
EndGlobal
